
Microsoft Visual Studio Solution File, Format Version 12.00
# Visual Studio Version 17
VisualStudioVersion = 17.9.34728.123
MinimumVisualStudioVersion = 10.0.40219.1
Project("{FAE04EC0-301F-11D3-BF4B-00C04F79EFBC}") = "MvcMovie", "MvcMovie\MvcMovie.csproj", "{B118929B-9EB2-4E27-990A-0324EA2D56D6}"
EndProject
Global
	GlobalSection(SolutionConfigurationPlatforms) = preSolution
		Debug|Any CPU = Debug|Any CPU
		Release|Any CPU = Release|Any CPU
	EndGlobalSection
	GlobalSection(ProjectConfigurationPlatforms) = postSolution
		{B118929B-9EB2-4E27-990A-0324EA2D56D6}.Debug|Any CPU.ActiveCfg = Debug|Any CPU
		{B118929B-9EB2-4E27-990A-0324EA2D56D6}.Debug|Any CPU.Build.0 = Debug|Any CPU
		{B118929B-9EB2-4E27-990A-0324EA2D56D6}.Release|Any CPU.ActiveCfg = Release|Any CPU
		{B118929B-9EB2-4E27-990A-0324EA2D56D6}.Release|Any CPU.Build.0 = Release|Any CPU
	EndGlobalSection
	GlobalSection(SolutionProperties) = preSolution
		HideSolutionNode = FALSE
	EndGlobalSection
	GlobalSection(ExtensibilityGlobals) = postSolution
		SolutionGuid = {6C1BD3DE-C5DD-4217-A55C-6D932B63A21E}
	EndGlobalSection
EndGlobal
